
Microsoft Visual Studio Solution File, Format Version 12.00
# Visual Studio Version 17
VisualStudioVersion = 17.9.34728.123
MinimumVisualStudioVersion = 10.0.40219.1
Project("{9A19103F-16F7-4668-BE54-9A1E7A4F7556}") = "WPFProject", "WPFProject\WPFProject.csproj", "{82ECEFB0-441B-451E-9598-BEF3A7DF5E61}"
EndProject
Project("{9A19103F-16F7-4668-BE54-9A1E7A4F7556}") = "BussinessObjects", "BussinessObjects\BussinessObjects.csproj", "{B471A640-2E0F-47D5-B515-59E129313C16}"
EndProject
Project("{9A19103F-16F7-4668-BE54-9A1E7A4F7556}") = "DataAccessLayer", "DataAccessLayer\DataAccessLayer.csproj", "{14557F09-73CA-4D3A-92C9-F5E415863290}"
EndProject
Project("{9A19103F-16F7-4668-BE54-9A1E7A4F7556}") = "Repositories", "Repositories\Repositories.csproj", "{7531C944-0EC8-4F70-B3D0-96E27CB0C7E0}"
EndProject
Project("{9A19103F-16F7-4668-BE54-9A1E7A4F7556}") = "Services", "Services\Services.csproj", "{5CF701A5-8088-4141-A110-EFBA7CBB85FE}"
EndProject
Global
	GlobalSection(SolutionConfigurationPlatforms) = preSolution
		Debug|Any CPU = Debug|Any CPU
		Release|Any CPU = Release|Any CPU
	EndGlobalSection
	GlobalSection(ProjectConfigurationPlatforms) = postSolution
		{82ECEFB0-441B-451E-9598-BEF3A7DF5E61}.Debug|Any CPU.ActiveCfg = Debug|Any CPU
		{82ECEFB0-441B-451E-9598-BEF3A7DF5E61}.Debug|Any CPU.Build.0 = Debug|Any CPU
		{82ECEFB0-441B-451E-9598-BEF3A7DF5E61}.Release|Any CPU.ActiveCfg = Release|Any CPU
		{82ECEFB0-441B-451E-9598-BEF3A7DF5E61}.Release|Any CPU.Build.0 = Release|Any CPU
		{B471A640-2E0F-47D5-B515-59E129313C16}.Debug|Any CPU.ActiveCfg = Debug|Any CPU
		{B471A640-2E0F-47D5-B515-59E129313C16}.Debug|Any CPU.Build.0 = Debug|Any CPU
		{B471A640-2E0F-47D5-B515-59E129313C16}.Release|Any CPU.ActiveCfg = Release|Any CPU
		{B471A640-2E0F-47D5-B515-59E129313C16}.Release|Any CPU.Build.0 = Release|Any CPU
		{14557F09-73CA-4D3A-92C9-F5E415863290}.Debug|Any CPU.ActiveCfg = Debug|Any CPU
		{14557F09-73CA-4D3A-92C9-F5E415863290}.Debug|Any CPU.Build.0 = Debug|Any CPU
		{14557F09-73CA-4D3A-92C9-F5E415863290}.Release|Any CPU.ActiveCfg = Release|Any CPU
		{14557F09-73CA-4D3A-92C9-F5E415863290}.Release|Any CPU.Build.0 = Release|Any CPU
		{7531C944-0EC8-4F70-B3D0-96E27CB0C7E0}.Debug|Any CPU.ActiveCfg = Debug|Any CPU
		{7531C944-0EC8-4F70-B3D0-96E27CB0C7E0}.Debug|Any CPU.Build.0 = Debug|Any CPU
		{7531C944-0EC8-4F70-B3D0-96E27CB0C7E0}.Release|Any CPU.ActiveCfg = Release|Any CPU
		{7531C944-0EC8-4F70-B3D0-96E27CB0C7E0}.Release|Any CPU.Build.0 = Release|Any CPU
		{5CF701A5-8088-4141-A110-EFBA7CBB85FE}.Debug|Any CPU.ActiveCfg = Debug|Any CPU
		{5CF701A5-8088-4141-A110-EFBA7CBB85FE}.Debug|Any CPU.Build.0 = Debug|Any CPU
		{5CF701A5-8088-4141-A110-EFBA7CBB85FE}.Release|Any CPU.ActiveCfg = Release|Any CPU
		{5CF701A5-8088-4141-A110-EFBA7CBB85FE}.Release|Any CPU.Build.0 = Release|Any CPU
	EndGlobalSection
	GlobalSection(SolutionProperties) = preSolution
		HideSolutionNode = FALSE
	EndGlobalSection
	GlobalSection(ExtensibilityGlobals) = postSolution
		SolutionGuid = {779EF741-13B3-4E89-9D80-1823D8E45CB7}
	EndGlobalSection
EndGlobal
